
Microsoft Visual Studio Solution File, Format Version 11.00
# Visual Studio 2010
Project("{FAE04EC0-301F-11D3-BF4B-00C04F79EFBC}") = "Sciifii", "Sciifii\Sciifii.csproj", "{56D9692B-8C8E-4D19-AF02-62BDA73559E2}"
EndProject
Project("{FAE04EC0-301F-11D3-BF4B-00C04F79EFBC}") = "SciifiiDTO", "SciifiiDTO\SciifiiDTO.csproj", "{06A3B2BD-5782-4AC1-A419-641A3F45B255}"
EndProject
Project("{FAE04EC0-301F-11D3-BF4B-00C04F79EFBC}") = "SciifiiBusiness", "SciifiiBusiness\SciifiiBusiness.csproj", "{ECBB4B60-4689-49D4-86A5-FF4AE6A02AF9}"
EndProject
Global
	GlobalSection(SolutionConfigurationPlatforms) = preSolution
		Debug|Any CPU = Debug|Any CPU
		Release|Any CPU = Release|Any CPU
	EndGlobalSection
	GlobalSection(ProjectConfigurationPlatforms) = postSolution
		{56D9692B-8C8E-4D19-AF02-62BDA73559E2}.Debug|Any CPU.ActiveCfg = Debug|Any CPU
		{56D9692B-8C8E-4D19-AF02-62BDA73559E2}.Debug|Any CPU.Build.0 = Debug|Any CPU
		{56D9692B-8C8E-4D19-AF02-62BDA73559E2}.Release|Any CPU.ActiveCfg = Release|Any CPU
		{56D9692B-8C8E-4D19-AF02-62BDA73559E2}.Release|Any CPU.Build.0 = Release|Any CPU
		{06A3B2BD-5782-4AC1-A419-641A3F45B255}.Debug|Any CPU.ActiveCfg = Debug|Any CPU
		{06A3B2BD-5782-4AC1-A419-641A3F45B255}.Debug|Any CPU.Build.0 = Debug|Any CPU
		{06A3B2BD-5782-4AC1-A419-641A3F45B255}.Release|Any CPU.ActiveCfg = Release|Any CPU
		{06A3B2BD-5782-4AC1-A419-641A3F45B255}.Release|Any CPU.Build.0 = Release|Any CPU
		{ECBB4B60-4689-49D4-86A5-FF4AE6A02AF9}.Debug|Any CPU.ActiveCfg = Debug|Any CPU
		{ECBB4B60-4689-49D4-86A5-FF4AE6A02AF9}.Debug|Any CPU.Build.0 = Debug|Any CPU
		{ECBB4B60-4689-49D4-86A5-FF4AE6A02AF9}.Release|Any CPU.ActiveCfg = Release|Any CPU
		{ECBB4B60-4689-49D4-86A5-FF4AE6A02AF9}.Release|Any CPU.Build.0 = Release|Any CPU
	EndGlobalSection
	GlobalSection(SolutionProperties) = preSolution
		HideSolutionNode = FALSE
	EndGlobalSection
EndGlobal
